
Microsoft Visual Studio Solution File, Format Version 12.00
# Visual Studio Version 17
VisualStudioVersion = 17.5.33516.290
MinimumVisualStudioVersion = 10.0.40219.1
Project("{FAE04EC0-301F-11D3-BF4B-00C04F79EFBC}") = "T33 - MailBook with Lambda", "T33 - MailBook with Lambda\T33 - MailBook with Lambda.csproj", "{7F7595AC-C8A9-41A8-9D3B-E8532A378280}"
EndProject
Global
	GlobalSection(SolutionConfigurationPlatforms) = preSolution
		Debug|Any CPU = Debug|Any CPU
		Release|Any CPU = Release|Any CPU
	EndGlobalSection
	GlobalSection(ProjectConfigurationPlatforms) = postSolution
		{7F7595AC-C8A9-41A8-9D3B-E8532A378280}.Debug|Any CPU.ActiveCfg = Debug|Any CPU
		{7F7595AC-C8A9-41A8-9D3B-E8532A378280}.Debug|Any CPU.Build.0 = Debug|Any CPU
		{7F7595AC-C8A9-41A8-9D3B-E8532A378280}.Release|Any CPU.ActiveCfg = Release|Any CPU
		{7F7595AC-C8A9-41A8-9D3B-E8532A378280}.Release|Any CPU.Build.0 = Release|Any CPU
	EndGlobalSection
	GlobalSection(SolutionProperties) = preSolution
		HideSolutionNode = FALSE
	EndGlobalSection
	GlobalSection(ExtensibilityGlobals) = postSolution
		SolutionGuid = {F7EC9F37-29C9-44E8-838F-8DE949AD0FC9}
	EndGlobalSection
EndGlobal
