
Microsoft Visual Studio Solution File, Format Version 12.00
# Visual Studio Version 17
VisualStudioVersion = 17.5.33516.290
MinimumVisualStudioVersion = 10.0.40219.1
Project("{FAE04EC0-301F-11D3-BF4B-00C04F79EFBC}") = "T40 - MiniPeppi", "T40 - MiniPeppi\T40 - MiniPeppi.csproj", "{BC661E75-7255-4243-89B9-B55212098D3C}"
EndProject
Global
	GlobalSection(SolutionConfigurationPlatforms) = preSolution
		Debug|Any CPU = Debug|Any CPU
		Release|Any CPU = Release|Any CPU
	EndGlobalSection
	GlobalSection(ProjectConfigurationPlatforms) = postSolution
		{BC661E75-7255-4243-89B9-B55212098D3C}.Debug|Any CPU.ActiveCfg = Debug|Any CPU
		{BC661E75-7255-4243-89B9-B55212098D3C}.Debug|Any CPU.Build.0 = Debug|Any CPU
		{BC661E75-7255-4243-89B9-B55212098D3C}.Release|Any CPU.ActiveCfg = Release|Any CPU
		{BC661E75-7255-4243-89B9-B55212098D3C}.Release|Any CPU.Build.0 = Release|Any CPU
	EndGlobalSection
	GlobalSection(SolutionProperties) = preSolution
		HideSolutionNode = FALSE
	EndGlobalSection
	GlobalSection(ExtensibilityGlobals) = postSolution
		SolutionGuid = {6D807BDD-2110-4320-A237-607C06E2A2A8}
	EndGlobalSection
EndGlobal
