
Microsoft Visual Studio Solution File, Format Version 12.00
# Visual Studio Version 17
VisualStudioVersion = 17.5.33516.290
MinimumVisualStudioVersion = 10.0.40219.1
Project("{FAE04EC0-301F-11D3-BF4B-00C04F79EFBC}") = "T36 - Invoice", "T36 - Invoice\T36 - Invoice.csproj", "{7DBCA4DE-C4E9-4942-A4E6-C9A53BFA4B76}"
EndProject
Global
	GlobalSection(SolutionConfigurationPlatforms) = preSolution
		Debug|Any CPU = Debug|Any CPU
		Release|Any CPU = Release|Any CPU
	EndGlobalSection
	GlobalSection(ProjectConfigurationPlatforms) = postSolution
		{7DBCA4DE-C4E9-4942-A4E6-C9A53BFA4B76}.Debug|Any CPU.ActiveCfg = Debug|Any CPU
		{7DBCA4DE-C4E9-4942-A4E6-C9A53BFA4B76}.Debug|Any CPU.Build.0 = Debug|Any CPU
		{7DBCA4DE-C4E9-4942-A4E6-C9A53BFA4B76}.Release|Any CPU.ActiveCfg = Release|Any CPU
		{7DBCA4DE-C4E9-4942-A4E6-C9A53BFA4B76}.Release|Any CPU.Build.0 = Release|Any CPU
	EndGlobalSection
	GlobalSection(SolutionProperties) = preSolution
		HideSolutionNode = FALSE
	EndGlobalSection
	GlobalSection(ExtensibilityGlobals) = postSolution
		SolutionGuid = {4447C97E-4721-4CF8-9540-346665ED70D5}
	EndGlobalSection
EndGlobal
