
Microsoft Visual Studio Solution File, Format Version 12.00
# Visual Studio Version 17
VisualStudioVersion = 17.5.33516.290
MinimumVisualStudioVersion = 10.0.40219.1
Project("{FAE04EC0-301F-11D3-BF4B-00C04F79EFBC}") = "T31 - Random", "T31 - Random\T31 - Random.csproj", "{C04D435C-0702-46A4-A7D4-C480E01273AB}"
EndProject
Global
	GlobalSection(SolutionConfigurationPlatforms) = preSolution
		Debug|Any CPU = Debug|Any CPU
		Release|Any CPU = Release|Any CPU
	EndGlobalSection
	GlobalSection(ProjectConfigurationPlatforms) = postSolution
		{C04D435C-0702-46A4-A7D4-C480E01273AB}.Debug|Any CPU.ActiveCfg = Debug|Any CPU
		{C04D435C-0702-46A4-A7D4-C480E01273AB}.Debug|Any CPU.Build.0 = Debug|Any CPU
		{C04D435C-0702-46A4-A7D4-C480E01273AB}.Release|Any CPU.ActiveCfg = Release|Any CPU
		{C04D435C-0702-46A4-A7D4-C480E01273AB}.Release|Any CPU.Build.0 = Release|Any CPU
	EndGlobalSection
	GlobalSection(SolutionProperties) = preSolution
		HideSolutionNode = FALSE
	EndGlobalSection
	GlobalSection(ExtensibilityGlobals) = postSolution
		SolutionGuid = {1354D696-30EA-4AC6-90AF-AE3A47784DF2}
	EndGlobalSection
EndGlobal
