
Microsoft Visual Studio Solution File, Format Version 12.00
# Visual Studio Version 17
VisualStudioVersion = 17.5.33516.290
MinimumVisualStudioVersion = 10.0.40219.1
Project("{FAE04EC0-301F-11D3-BF4B-00C04F79EFBC}") = "T35 - Unit Test for Shopping cart", "T35 - Unit Test for Shopping cart\T35 - Unit Test for Shopping cart.csproj", "{3915F7CC-DD08-4A1C-950D-46FDBF32308B}"
EndProject
Project("{FAE04EC0-301F-11D3-BF4B-00C04F79EFBC}") = "ShoppingCartTesting", "ShoppingCartTesting\ShoppingCartTesting.csproj", "{7D3BDF83-53FF-4484-A2BB-8AFD4A164FD1}"
EndProject
Global
	GlobalSection(SolutionConfigurationPlatforms) = preSolution
		Debug|Any CPU = Debug|Any CPU
		Release|Any CPU = Release|Any CPU
	EndGlobalSection
	GlobalSection(ProjectConfigurationPlatforms) = postSolution
		{3915F7CC-DD08-4A1C-950D-46FDBF32308B}.Debug|Any CPU.ActiveCfg = Debug|Any CPU
		{3915F7CC-DD08-4A1C-950D-46FDBF32308B}.Debug|Any CPU.Build.0 = Debug|Any CPU
		{3915F7CC-DD08-4A1C-950D-46FDBF32308B}.Release|Any CPU.ActiveCfg = Release|Any CPU
		{3915F7CC-DD08-4A1C-950D-46FDBF32308B}.Release|Any CPU.Build.0 = Release|Any CPU
		{7D3BDF83-53FF-4484-A2BB-8AFD4A164FD1}.Debug|Any CPU.ActiveCfg = Debug|Any CPU
		{7D3BDF83-53FF-4484-A2BB-8AFD4A164FD1}.Debug|Any CPU.Build.0 = Debug|Any CPU
		{7D3BDF83-53FF-4484-A2BB-8AFD4A164FD1}.Release|Any CPU.ActiveCfg = Release|Any CPU
		{7D3BDF83-53FF-4484-A2BB-8AFD4A164FD1}.Release|Any CPU.Build.0 = Release|Any CPU
	EndGlobalSection
	GlobalSection(SolutionProperties) = preSolution
		HideSolutionNode = FALSE
	EndGlobalSection
	GlobalSection(ExtensibilityGlobals) = postSolution
		SolutionGuid = {A5118E2A-7831-4297-A114-097E0DF87215}
	EndGlobalSection
EndGlobal
